// !$*UTF8*$!
{
	archiveVersion = 1;
	classes = {
	};
	objectVersion = 50;
	objects = {

/* Begin PBXBuildFile section */
		04438ABE22234A2600304EC4 /* AppDelegate.swift in Sources */ = {isa = PBXBuildFile; fileRef = 04438ABD22234A2600304EC4 /* AppDelegate.swift */; };
		04438AC022234A2600304EC4 /* ViewController.swift in Sources */ = {isa = PBXBuildFile; fileRef = 04438ABF22234A2600304EC4 /* ViewController.swift */; };
		04438AC322234A2600304EC4 /* Main.storyboard in Resources */ = {isa = PBXBuildFile; fileRef = 04438AC122234A2600304EC4 /* Main.storyboard */; };
		04438AC522234A2700304EC4 /* Assets.xcassets in Resources */ = {isa = PBXBuildFile; fileRef = 04438AC422234A2700304EC4 /* Assets.xcassets */; };
		04438AC822234A2700304EC4 /* LaunchScreen.storyboard in Resources */ = {isa = PBXBuildFile; fileRef = 04438AC622234A2700304EC4 /* LaunchScreen.storyboard */; };
		04438AD322234A2800304EC4 /* CustomSegmentControlTests.swift in Sources */ = {isa = PBXBuildFile; fileRef = 04438AD222234A2800304EC4 /* CustomSegmentControlTests.swift */; };
		04438ADE22234A6700304EC4 /* CustomSegmentedUIControl.swift in Sources */ = {isa = PBXBuildFile; fileRef = 04438ADD22234A6700304EC4 /* CustomSegmentedUIControl.swift */; };
/* End PBXBuildFile section */

/* Begin PBXContainerItemProxy section */
		04438ACF22234A2800304EC4 /* PBXContainerItemProxy */ = {
			isa = PBXContainerItemProxy;
			containerPortal = 04438AB222234A2600304EC4 /* Project object */;
			proxyType = 1;
			remoteGlobalIDString = 04438AB922234A2600304EC4;
			remoteInfo = CustomSegmentControl;
		};
/* End PBXContainerItemProxy section */

/* Begin PBXFileReference section */
		04438ABA22234A2600304EC4 /* CustomSegmentControl.app */ = {isa = PBXFileReference; explicitFileType = wrapper.application; includeInIndex = 0; path = CustomSegmentControl.app; sourceTree = BUILT_PRODUCTS_DIR; };
		04438ABD22234A2600304EC4 /* AppDelegate.swift */ = {isa = PBXFileReference; lastKnownFileType = sourcecode.swift; path = AppDelegate.swift; sourceTree = "<group>"; };
		04438ABF22234A2600304EC4 /* ViewController.swift */ = {isa = PBXFileReference; lastKnownFileType = sourcecode.swift; path = ViewController.swift; sourceTree = "<group>"; };
		04438AC222234A2600304EC4 /* Base */ = {isa = PBXFileReference; lastKnownFileType = file.storyboard; name = Base; path = Base.lproj/Main.storyboard; sourceTree = "<group>"; };
		04438AC422234A2700304EC4 /* Assets.xcassets */ = {isa = PBXFileReference; lastKnownFileType = folder.assetcatalog; path = Assets.xcassets; sourceTree = "<group>"; };
		04438AC722234A2700304EC4 /* Base */ = {isa = PBXFileReference; lastKnownFileType = file.storyboard; name = Base; path = Base.lproj/LaunchScreen.storyboard; sourceTree = "<group>"; };
		04438AC922234A2700304EC4 /* Info.plist */ = {isa = PBXFileReference; lastKnownFileType = text.plist.xml; path = Info.plist; sourceTree = "<group>"; };
		04438ACE22234A2800304EC4 /* CustomSegmentControlTests.xctest */ = {isa = PBXFileReference; explicitFileType = wrapper.cfbundle; includeInIndex = 0; path = CustomSegmentControlTests.xctest; sourceTree = BUILT_PRODUCTS_DIR; };
		04438AD222234A2800304EC4 /* CustomSegmentControlTests.swift */ = {isa = PBXFileReference; lastKnownFileType = sourcecode.swift; path = CustomSegmentControlTests.swift; sourceTree = "<group>"; };
		04438AD422234A2800304EC4 /* Info.plist */ = {isa = PBXFileReference; lastKnownFileType = text.plist.xml; path = Info.plist; sourceTree = "<group>"; };
		04438ADD22234A6700304EC4 /* CustomSegmentedUIControl.swift */ = {isa = PBXFileReference; fileEncoding = 4; lastKnownFileType = sourcecode.swift; path = CustomSegmentedUIControl.swift; sourceTree = "<group>"; };
/* End PBXFileReference section */

/* Begin PBXFrameworksBuildPhase section */
		04438AB722234A2600304EC4 /* Frameworks */ = {
			isa = PBXFrameworksBuildPhase;
			buildActionMask = 2147483647;
			files = (
			);
			runOnlyForDeploymentPostprocessing = 0;
		};
		04438ACB22234A2700304EC4 /* Frameworks */ = {
			isa = PBXFrameworksBuildPhase;
			buildActionMask = 2147483647;
			files = (
			);
			runOnlyForDeploymentPostprocessing = 0;
		};
/* End PBXFrameworksBuildPhase section */

/* Begin PBXGroup section */
		04438AB122234A2600304EC4 = {
			isa = PBXGroup;
			children = (
				04438ABC22234A2600304EC4 /* CustomSegmentControl */,
				04438AD122234A2800304EC4 /* CustomSegmentControlTests */,
				04438ABB22234A2600304EC4 /* Products */,
			);
			sourceTree = "<group>";
		};
		04438ABB22234A2600304EC4 /* Products */ = {
			isa = PBXGroup;
			children = (
				04438ABA22234A2600304EC4 /* CustomSegmentControl.app */,
				04438ACE22234A2800304EC4 /* CustomSegmentControlTests.xctest */,
			);
			name = Products;
			sourceTree = "<group>";
		};
		04438ABC22234A2600304EC4 /* CustomSegmentControl */ = {
			isa = PBXGroup;
			children = (
				04438ABD22234A2600304EC4 /* AppDelegate.swift */,
				04438ABF22234A2600304EC4 /* ViewController.swift */,
				04438ADD22234A6700304EC4 /* CustomSegmentedUIControl.swift */,
				04438AC122234A2600304EC4 /* Main.storyboard */,
				04438AC422234A2700304EC4 /* Assets.xcassets */,
				04438AC622234A2700304EC4 /* LaunchScreen.storyboard */,
				04438AC922234A2700304EC4 /* Info.plist */,
			);
			path = CustomSegmentControl;
			sourceTree = "<group>";
		};
		04438AD122234A2800304EC4 /* CustomSegmentControlTests */ = {
			isa = PBXGroup;
			children = (
				04438AD222234A2800304EC4 /* CustomSegmentControlTests.swift */,
				04438AD422234A2800304EC4 /* Info.plist */,
			);
			path = CustomSegmentControlTests;
			sourceTree = "<group>";
		};
/* End PBXGroup section */

/* Begin PBXNativeTarget section */
		04438AB922234A2600304EC4 /* CustomSegmentControl */ = {
			isa = PBXNativeTarget;
			buildConfigurationList = 04438AD722234A2800304EC4 /* Build configuration list for PBXNativeTarget "CustomSegmentControl" */;
			buildPhases = (
				04438AB622234A2600304EC4 /* Sources */,
				04438AB722234A2600304EC4 /* Frameworks */,
				04438AB822234A2600304EC4 /* Resources */,
			);
			buildRules = (
			);
			dependencies = (
			);
			name = CustomSegmentControl;
			productName = CustomSegmentControl;
			productReference = 04438ABA22234A2600304EC4 /* CustomSegmentControl.app */;
			productType = "com.apple.product-type.application";
		};
		04438ACD22234A2700304EC4 /* CustomSegmentControlTests */ = {
			isa = PBXNativeTarget;
			buildConfigurationList = 04438ADA22234A2800304EC4 /* Build configuration list for PBXNativeTarget "CustomSegmentControlTests" */;
			buildPhases = (
				04438ACA22234A2700304EC4 /* Sources */,
				04438ACB22234A2700304EC4 /* Frameworks */,
				04438ACC22234A2700304EC4 /* Resources */,
			);
			buildRules = (
			);
			dependencies = (
				04438AD022234A2800304EC4 /* PBXTargetDependency */,
			);
			name = CustomSegmentControlTests;
			productName = CustomSegmentControlTests;
			productReference = 04438ACE22234A2800304EC4 /* CustomSegmentControlTests.xctest */;
			productType = "com.apple.product-type.bundle.unit-test";
		};
/* End PBXNativeTarget section */

/* Begin PBXProject section */
		04438AB222234A2600304EC4 /* Project object */ = {
			isa = PBXProject;
			attributes = {
				LastSwiftUpdateCheck = 1010;
				LastUpgradeCheck = 1010;
				ORGANIZATIONNAME = "Sanjit Shaw";
				TargetAttributes = {
					04438AB922234A2600304EC4 = {
						CreatedOnToolsVersion = 10.1;
					};
					04438ACD22234A2700304EC4 = {
						CreatedOnToolsVersion = 10.1;
						TestTargetID = 04438AB922234A2600304EC4;
					};
				};
			};
			buildConfigurationList = 04438AB522234A2600304EC4 /* Build configuration list for PBXProject "CustomSegmentControl" */;
			compatibilityVersion = "Xcode 9.3";
			developmentRegion = en;
			hasScannedForEncodings = 0;
			knownRegions = (
				en,
				Base,
			);
			mainGroup = 04438AB122234A2600304EC4;
			productRefGroup = 04438ABB22234A2600304EC4 /* Products */;
			projectDirPath = "";
			projectRoot = "";
			targets = (
				04438AB922234A2600304EC4 /* CustomSegmentControl */,
				04438ACD22234A2700304EC4 /* CustomSegmentControlTests */,
			);
		};
/* End PBXProject section */

/* Begin PBXResourcesBuildPhase section */
		04438AB822234A2600304EC4 /* Resources */ = {
			isa = PBXResourcesBuildPhase;
			buildActionMask = 2147483647;
			files = (
				04438AC822234A2700304EC4 /* LaunchScreen.storyboard in Resources */,
				04438AC522234A2700304EC4 /* Assets.xcassets in Resources */,
				04438AC322234A2600304EC4 /* Main.storyboard in Resources */,
			);
			runOnlyForDeploymentPostprocessing = 0;
		};
		04438ACC22234A2700304EC4 /* Resources */ = {
			isa = PBXResourcesBuildPhase;
			buildActionMask = 2147483647;
			files = (
			);
			runOnlyForDeploymentPostprocessing = 0;
		};
/* End PBXResourcesBuildPhase section */

/* Begin PBXSourcesBuildPhase section */
		04438AB622234A2600304EC4 /* Sources */ = {
			isa = PBXSourcesBuildPhase;
			buildActionMask = 2147483647;
			files = (
				04438AC022234A2600304EC4 /* ViewController.swift in Sources */,
				04438ADE22234A6700304EC4 /* CustomSegmentedUIControl.swift in Sources */,
				04438ABE22234A2600304EC4 /* AppDelegate.swift in Sources */,
			);
			runOnlyForDeploymentPostprocessing = 0;
		};
		04438ACA22234A2700304EC4 /* Sources */ = {
			isa = PBXSourcesBuildPhase;
			buildActionMask = 2147483647;
			files = (
				04438AD322234A2800304EC4 /* CustomSegmentControlTests.swift in Sources */,
			);
			runOnlyForDeploymentPostprocessing = 0;
		};
/* End PBXSourcesBuildPhase section */

/* Begin PBXTargetDependency section */
		04438AD022234A2800304EC4 /* PBXTargetDependency */ = {
			isa = PBXTargetDependency;
			target = 04438AB922234A2600304EC4 /* CustomSegmentControl */;
			targetProxy = 04438ACF22234A2800304EC4 /* PBXContainerItemProxy */;
		};
/* End PBXTargetDependency section */

/* Begin PBXVariantGroup section */
		04438AC122234A2600304EC4 /* Main.storyboard */ = {
			isa = PBXVariantGroup;
			children = (
				04438AC222234A2600304EC4 /* Base */,
			);
			name = Main.storyboard;
			sourceTree = "<group>";
		};
		04438AC622234A2700304EC4 /* LaunchScreen.storyboard */ = {
			isa = PBXVariantGroup;
			children = (
				04438AC722234A2700304EC4 /* Base */,
			);
			name = LaunchScreen.storyboard;
			sourceTree = "<group>";
		};
/* End PBXVariantGroup section */

/* Begin XCBuildConfiguration section */
		04438AD522234A2800304EC4 /* Debug */ = {
			isa = XCBuildConfiguration;
			buildSettings = {
				ALWAYS_SEARCH_USER_PATHS = NO;
				CLANG_ANALYZER_NONNULL = YES;
				CLANG_ANALYZER_NUMBER_OBJECT_CONVERSION = YES_AGGRESSIVE;
				CLANG_CXX_LANGUAGE_STANDARD = "gnu++14";
				CLANG_CXX_LIBRARY = "libc++";
				CLANG_ENABLE_MODULES = YES;
				CLANG_ENABLE_OBJC_ARC = YES;
				CLANG_ENABLE_OBJC_WEAK = YES;
				CLANG_WARN_BLOCK_CAPTURE_AUTORELEASING = YES;
				CLANG_WARN_BOOL_CONVERSION = YES;
				CLANG_WARN_COMMA = YES;
				CLANG_WARN_CONSTANT_CONVERSION = YES;
				CLANG_WARN_DEPRECATED_OBJC_IMPLEMENTATIONS = YES;
				CLANG_WARN_DIRECT_OBJC_ISA_USAGE = YES_ERROR;
				CLANG_WARN_DOCUMENTATION_COMMENTS = YES;
				CLANG_WARN_EMPTY_BODY = YES;
				CLANG_WARN_ENUM_CONVERSION = YES;
				CLANG_WARN_INFINITE_RECURSION = YES;
				CLANG_WARN_INT_CONVERSION = YES;
				CLANG_WARN_NON_LITERAL_NULL_CONVERSION = YES;
				CLANG_WARN_OBJC_IMPLICIT_RETAIN_SELF = YES;
				CLANG_WARN_OBJC_LITERAL_CONVERSION = YES;
				CLANG_WARN_OBJC_ROOT_CLASS = YES_ERROR;
				CLANG_WARN_RANGE_LOOP_ANALYSIS = YES;
				CLANG_WARN_STRICT_PROTOTYPES = YES;
				CLANG_WARN_SUSPICIOUS_MOVE = YES;
				CLANG_WARN_UNGUARDED_AVAILABILITY = YES_AGGRESSIVE;
				CLANG_WARN_UNREACHABLE_CODE = YES;
				CLANG_WARN__DUPLICATE_METHOD_MATCH = YES;
				CODE_SIGN_IDENTITY = "iPhone Developer";
				COPY_PHASE_STRIP = NO;
				DEBUG_INFORMATION_FORMAT = dwarf;
				ENABLE_STRICT_OBJC_MSGSEND = YES;
				ENABLE_TESTABILITY = YES;
				GCC_C_LANGUAGE_STANDARD = gnu11;
				GCC_DYNAMIC_NO_PIC = NO;
				GCC_NO_COMMON_BLOCKS = YES;
				GCC_OPTIMIZATION_LEVEL = 0;
				GCC_PREPROCESSOR_DEFINITIONS = (
					"DEBUG=1",
					"$(inherited)",
				);
				GCC_WARN_64_TO_32_BIT_CONVERSION = YES;
				GCC_WARN_ABOUT_RETURN_TYPE = YES_ERROR;
				GCC_WARN_UNDECLARED_SELECTOR = YES;
				GCC_WARN_UNINITIALIZED_AUTOS = YES_AGGRESSIVE;
				GCC_WARN_UNUSED_FUNCTION = YES;
				GCC_WARN_UNUSED_VARIABLE = YES;
				IPHONEOS_DEPLOYMENT_TARGET = 12.1;
				MTL_ENABLE_DEBUG_INFO = INCLUDE_SOURCE;
				MTL_FAST_MATH = YES;
				ONLY_ACTIVE_ARCH = YES;
				SDKROOT = iphoneos;
				SWIFT_ACTIVE_COMPILATION_CONDITIONS = DEBUG;
				SWIFT_OPTIMIZATION_LEVEL = "-Onone";
			};
			name = Debug;
		};
		04438AD622234A2800304EC4 /* Release */ = {
			isa = XCBuildConfiguration;
			buildSettings = {
				ALWAYS_SEARCH_USER_PATHS = NO;
				CLANG_ANALYZER_NONNULL = YES;
				CLANG_ANALYZER_NUMBER_OBJECT_CONVERSION = YES_AGGRESSIVE;
				CLANG_CXX_LANGUAGE_STANDARD = "gnu++14";
				CLANG_CXX_LIBRARY = "libc++";
				CLANG_ENABLE_MODULES = YES;
				CLANG_ENABLE_OBJC_ARC = YES;
				CLANG_ENABLE_OBJC_WEAK = YES;
				CLANG_WARN_BLOCK_CAPTURE_AUTORELEASING = YES;
				CLANG_WARN_BOOL_CONVERSION = YES;
				CLANG_WARN_COMMA = YES;
				CLANG_WARN_CONSTANT_CONVERSION = YES;
				CLANG_WARN_DEPRECATED_OBJC_IMPLEMENTATIONS = YES;
				CLANG_WARN_DIRECT_OBJC_ISA_USAGE = YES_ERROR;
				CLANG_WARN_DOCUMENTATION_COMMENTS = YES;
				CLANG_WARN_EMPTY_BODY = YES;
				CLANG_WARN_ENUM_CONVERSION = YES;
				CLANG_WARN_INFINITE_RECURSION = YES;
				CLANG_WARN_INT_CONVERSION = YES;
				CLANG_WARN_NON_LITERAL_NULL_CONVERSION = YES;
				CLANG_WARN_OBJC_IMPLICIT_RETAIN_SELF = YES;
				CLANG_WARN_OBJC_LITERAL_CONVERSION = YES;
				CLANG_WARN_OBJC_ROOT_CLASS = YES_ERROR;
				CLANG_WARN_RANGE_LOOP_ANALYSIS = YES;
				CLANG_WARN_STRICT_PROTOTYPES = YES;
				CLANG_WARN_SUSPICIOUS_MOVE = YES;
				CLANG_WARN_UNGUARDED_AVAILABILITY = YES_AGGRESSIVE;
				CLANG_WARN_UNREACHABLE_CODE = YES;
				CLANG_WARN__DUPLICATE_METHOD_MATCH = YES;
				CODE_SIGN_IDENTITY = "iPhone Developer";
				COPY_PHASE_STRIP = NO;
				DEBUG_INFORMATION_FORMAT = "dwarf-with-dsym";
				ENABLE_NS_ASSERTIONS = NO;
				ENABLE_STRICT_OBJC_MSGSEND = YES;
				GCC_C_LANGUAGE_STANDARD = gnu11;
				GCC_NO_COMMON_BLOCKS = YES;
				GCC_WARN_64_TO_32_BIT_CONVERSION = YES;
				GCC_WARN_ABOUT_RETURN_TYPE = YES_ERROR;
				GCC_WARN_UNDECLARED_SELECTOR = YES;
				GCC_WARN_UNINITIALIZED_AUTOS = YES_AGGRESSIVE;
				GCC_WARN_UNUSED_FUNCTION = YES;
				GCC_WARN_UNUSED_VARIABLE = YES;
				IPHONEOS_DEPLOYMENT_TARGET = 12.1;
				MTL_ENABLE_DEBUG_INFO = NO;
				MTL_FAST_MATH = YES;
				SDKROOT = iphoneos;
				SWIFT_COMPILATION_MODE = wholemodule;
				SWIFT_OPTIMIZATION_LEVEL = "-O";
				VALIDATE_PRODUCT = YES;
			};
			name = Release;
		};
		04438AD822234A2800304EC4 /* Debug */ = {
			isa = XCBuildConfiguration;
			buildSettings = {
				ASSETCATALOG_COMPILER_APPICON_NAME = AppIcon;
				CODE_SIGN_STYLE = Automatic;
				DEVELOPMENT_TEAM = 5V83599YWC;
				INFOPLIST_FILE = CustomSegmentControl/Info.plist;
				LD_RUNPATH_SEARCH_PATHS = (
					"$(inherited)",
					"@executable_path/Frameworks",
				);
				PRODUCT_BUNDLE_IDENTIFIER = com.SegmentControl.CustomSegmentControl;
				PRODUCT_NAME = "$(TARGET_NAME)";
				SWIFT_VERSION = 4.2;
				TARGETED_DEVICE_FAMILY = "1,2";
			};
			name = Debug;
		};
		04438AD922234A2800304EC4 /* Release */ = {
			isa = XCBuildConfiguration;
			buildSettings = {
				ASSETCATALOG_COMPILER_APPICON_NAME = AppIcon;
				CODE_SIGN_STYLE = Automatic;
				DEVELOPMENT_TEAM = 5V83599YWC;
				INFOPLIST_FILE = CustomSegmentControl/Info.plist;
				LD_RUNPATH_SEARCH_PATHS = (
					"$(inherited)",
					"@executable_path/Frameworks",
				);
				PRODUCT_BUNDLE_IDENTIFIER = com.SegmentControl.CustomSegmentControl;
				PRODUCT_NAME = "$(TARGET_NAME)";
				SWIFT_VERSION = 4.2;
				TARGETED_DEVICE_FAMILY = "1,2";
			};
			name = Release;
		};
		04438ADB22234A2800304EC4 /* Debug */ = {
			isa = XCBuildConfiguration;
			buildSettings = {
				ALWAYS_EMBED_SWIFT_STANDARD_LIBRARIES = YES;
				BUNDLE_LOADER = "$(TEST_HOST)";
				CODE_SIGN_STYLE = Automatic;
				DEVELOPMENT_TEAM = 5V83599YWC;
				INFOPLIST_FILE = CustomSegmentControlTests/Info.plist;
				LD_RUNPATH_SEARCH_PATHS = (
					"$(inherited)",
					"@executable_path/Frameworks",
					"@loader_path/Frameworks",
				);
				PRODUCT_BUNDLE_IDENTIFIER = com.SegmentControl.CustomSegmentControlTests;
				PRODUCT_NAME = "$(TARGET_NAME)";
				SWIFT_VERSION = 4.2;
				TARGETED_DEVICE_FAMILY = "1,2";
				TEST_HOST = "$(BUILT_PRODUCTS_DIR)/CustomSegmentControl.app/CustomSegmentControl";
			};
			name = Debug;
		};
		04438ADC22234A2800304EC4 /* Release */ = {
			isa = XCBuildConfiguration;
			buildSettings = {
				ALWAYS_EMBED_SWIFT_STANDARD_LIBRARIES = YES;
				BUNDLE_LOADER = "$(TEST_HOST)";
				CODE_SIGN_STYLE = Automatic;
				DEVELOPMENT_TEAM = 5V83599YWC;
				INFOPLIST_FILE = CustomSegmentControlTests/Info.plist;
				LD_RUNPATH_SEARCH_PATHS = (
					"$(inherited)",
					"@executable_path/Frameworks",
					"@loader_path/Frameworks",
				);
				PRODUCT_BUNDLE_IDENTIFIER = com.SegmentControl.CustomSegmentControlTests;
				PRODUCT_NAME = "$(TARGET_NAME)";
				SWIFT_VERSION = 4.2;
				TARGETED_DEVICE_FAMILY = "1,2";
				TEST_HOST = "$(BUILT_PRODUCTS_DIR)/CustomSegmentControl.app/CustomSegmentControl";
			};
			name = Release;
		};
/* End XCBuildConfiguration section */

/* Begin XCConfigurationList section */
		04438AB522234A2600304EC4 /* Build configuration list for PBXProject "CustomSegmentControl" */ = {
			isa = XCConfigurationList;
			buildConfigurations = (
				04438AD522234A2800304EC4 /* Debug */,
				04438AD622234A2800304EC4 /* Release */,
			);
			defaultConfigurationIsVisible = 0;
			defaultConfigurationName = Release;
		};
		04438AD722234A2800304EC4 /* Build configuration list for PBXNativeTarget "CustomSegmentControl" */ = {
			isa = XCConfigurationList;
			buildConfigurations = (
				04438AD822234A2800304EC4 /* Debug */,
				04438AD922234A2800304EC4 /* Release */,
			);
			defaultConfigurationIsVisible = 0;
			defaultConfigurationName = Release;
		};
		04438ADA22234A2800304EC4 /* Build configuration list for PBXNativeTarget "CustomSegmentControlTests" */ = {
			isa = XCConfigurationList;
			buildConfigurations = (
				04438ADB22234A2800304EC4 /* Debug */,
				04438ADC22234A2800304EC4 /* Release */,
			);
			defaultConfigurationIsVisible = 0;
			defaultConfigurationName = Release;
		};
/* End XCConfigurationList section */
	};
	rootObject = 04438AB222234A2600304EC4 /* Project object */;
}
